PODS:
  - PubNub (4.8.3):
    - PubNub/Core (= 4.8.3)
  - PubNub/Core (4.8.3)

DEPENDENCIES:
  - PubNub (~> 4.0)

SPEC REPOS:
  https://github.com/cocoapods/specs.git:
    - PubNub

SPEC CHECKSUMS:
  PubNub: 871d2a12d790d646e84c0b035acbf9ee6610ea70

PODFILE CHECKSUM: 2b11d4e39e83d8622e9b6b10264ed634dcd47bcc

COCOAPODS: 1.5.3
